
Microsoft Visual Studio Solution File, Format Version 12.00
# Visual Studio Version 17
VisualStudioVersion = 17.13.35818.85
MinimumVisualStudioVersion = 10.0.40219.1
Project("{FAE04EC0-301F-11D3-BF4B-00C04F79EFBC}") = "PTMPersonalTaskManager.Domain", "PTMPersonalTaskManager.Domain\PTMPersonalTaskManager.Domain.csproj", "{3F6DC326-C907-4070-AF54-5B9ECC5BF328}"
EndProject
Project("{FAE04EC0-301F-11D3-BF4B-00C04F79EFBC}") = "PTMPersonalTaskManager.Application", "PTMPersonalTaskManager.Application\PTMPersonalTaskManager.Application.csproj", "{37A31300-4538-4555-BAC3-59EA1D5E2CC9}"
EndProject
Project("{FAE04EC0-301F-11D3-BF4B-00C04F79EFBC}") = "PTMPersonalTaskManager.Infrastructure", "PTMPersonalTaskManager.Infrastructure\PTMPersonalTaskManager.Infrastructure.csproj", "{F09EE1E2-4E23-465C-A5BE-D1DA7E52D4A9}"
EndProject
Project("{FAE04EC0-301F-11D3-BF4B-00C04F79EFBC}") = "PTMPersonalTaskManager.Client", "PTMPersonalTaskManager.Client\PTMPersonalTaskManager.Client.csproj", "{5DD6FF3E-659D-4826-9A99-981E82F24D7D}"
EndProject
Project("{FAE04EC0-301F-11D3-BF4B-00C04F79EFBC}") = "PTMPersonalTaskManager.Api", "PTMPersonalTaskManager.Api\PTMPersonalTaskManager.Api.csproj", "{07994FDC-9542-41EA-80B6-7CB3BCBCFF5D}"
EndProject
Global
	GlobalSection(SolutionConfigurationPlatforms) = preSolution
		Debug|Any CPU = Debug|Any CPU
		Release|Any CPU = Release|Any CPU
	EndGlobalSection
	GlobalSection(ProjectConfigurationPlatforms) = postSolution
		{3F6DC326-C907-4070-AF54-5B9ECC5BF328}.Debug|Any CPU.ActiveCfg = Debug|Any CPU
		{3F6DC326-C907-4070-AF54-5B9ECC5BF328}.Debug|Any CPU.Build.0 = Debug|Any CPU
		{3F6DC326-C907-4070-AF54-5B9ECC5BF328}.Release|Any CPU.ActiveCfg = Release|Any CPU
		{3F6DC326-C907-4070-AF54-5B9ECC5BF328}.Release|Any CPU.Build.0 = Release|Any CPU
		{37A31300-4538-4555-BAC3-59EA1D5E2CC9}.Debug|Any CPU.ActiveCfg = Debug|Any CPU
		{37A31300-4538-4555-BAC3-59EA1D5E2CC9}.Debug|Any CPU.Build.0 = Debug|Any CPU
		{37A31300-4538-4555-BAC3-59EA1D5E2CC9}.Release|Any CPU.ActiveCfg = Release|Any CPU
		{37A31300-4538-4555-BAC3-59EA1D5E2CC9}.Release|Any CPU.Build.0 = Release|Any CPU
		{F09EE1E2-4E23-465C-A5BE-D1DA7E52D4A9}.Debug|Any CPU.ActiveCfg = Debug|Any CPU
		{F09EE1E2-4E23-465C-A5BE-D1DA7E52D4A9}.Debug|Any CPU.Build.0 = Debug|Any CPU
		{F09EE1E2-4E23-465C-A5BE-D1DA7E52D4A9}.Release|Any CPU.ActiveCfg = Release|Any CPU
		{F09EE1E2-4E23-465C-A5BE-D1DA7E52D4A9}.Release|Any CPU.Build.0 = Release|Any CPU
		{5DD6FF3E-659D-4826-9A99-981E82F24D7D}.Debug|Any CPU.ActiveCfg = Debug|Any CPU
		{5DD6FF3E-659D-4826-9A99-981E82F24D7D}.Debug|Any CPU.Build.0 = Debug|Any CPU
		{5DD6FF3E-659D-4826-9A99-981E82F24D7D}.Release|Any CPU.ActiveCfg = Release|Any CPU
		{5DD6FF3E-659D-4826-9A99-981E82F24D7D}.Release|Any CPU.Build.0 = Release|Any CPU
		{07994FDC-9542-41EA-80B6-7CB3BCBCFF5D}.Debug|Any CPU.ActiveCfg = Debug|Any CPU
		{07994FDC-9542-41EA-80B6-7CB3BCBCFF5D}.Debug|Any CPU.Build.0 = Debug|Any CPU
		{07994FDC-9542-41EA-80B6-7CB3BCBCFF5D}.Release|Any CPU.ActiveCfg = Release|Any CPU
		{07994FDC-9542-41EA-80B6-7CB3BCBCFF5D}.Release|Any CPU.Build.0 = Release|Any CPU
	EndGlobalSection
	GlobalSection(SolutionProperties) = preSolution
		HideSolutionNode = FALSE
	EndGlobalSection
	GlobalSection(ExtensibilityGlobals) = postSolution
		SolutionGuid = {B6AFEBB3-C59F-4289-8647-C0E2A794A1B1}
	EndGlobalSection
EndGlobal
